
Microsoft Visual Studio Solution File, Format Version 12.00
# Visual Studio Version 17
VisualStudioVersion = 17.9.34701.34
MinimumVisualStudioVersion = 10.0.40219.1
Project("{FAE04EC0-301F-11D3-BF4B-00C04F79EFBC}") = "WepApi", "WepApi\WepApi.csproj", "{17DBD473-BCB0-49ED-9CDB-D7E58BA50BAE}"
EndProject
Global
	GlobalSection(SolutionConfigurationPlatforms) = preSolution
		Debug|Any CPU = Debug|Any CPU
		Release|Any CPU = Release|Any CPU
	EndGlobalSection
	GlobalSection(ProjectConfigurationPlatforms) = postSolution
		{17DBD473-BCB0-49ED-9CDB-D7E58BA50BAE}.Debug|Any CPU.ActiveCfg = Debug|Any CPU
		{17DBD473-BCB0-49ED-9CDB-D7E58BA50BAE}.Debug|Any CPU.Build.0 = Debug|Any CPU
		{17DBD473-BCB0-49ED-9CDB-D7E58BA50BAE}.Release|Any CPU.ActiveCfg = Release|Any CPU
		{17DBD473-BCB0-49ED-9CDB-D7E58BA50BAE}.Release|Any CPU.Build.0 = Release|Any CPU
	EndGlobalSection
	GlobalSection(SolutionProperties) = preSolution
		HideSolutionNode = FALSE
	EndGlobalSection
	GlobalSection(ExtensibilityGlobals) = postSolution
		SolutionGuid = {B8D9FD75-9CB9-4EAD-BF62-E0F261239E73}
	EndGlobalSection
EndGlobal
